
Microsoft Visual Studio Solution File, Format Version 12.00
# Visual Studio Version 17
VisualStudioVersion = 17.0.31903.59
MinimumVisualStudioVersion = 10.0.40219.1
Project("{2150E333-8FDC-42A3-9474-1A3956D46DE8}") = "src", "src", "{6D7DCBFB-77DF-4DB1-8141-221298209C70}"
EndProject
Project("{2150E333-8FDC-42A3-9474-1A3956D46DE8}") = "Resources", "Resources", "{A9D53C65-084E-4222-8CCC-8A3B705FD7D2}"
EndProject
Project("{9A19103F-16F7-4668-BE54-9A1E7A4F7556}") = "Spenses.Resources.Relational", "src\Resources\Relational\Spenses.Resources.Relational.csproj", "{B78B1E11-6E01-45EF-B0DA-02CDD796EB63}"
EndProject
Project("{2150E333-8FDC-42A3-9474-1A3956D46DE8}") = "Services", "Services", "{E6588BE7-668B-4F44-A826-C97C20C608FA}"
EndProject
Project("{9A19103F-16F7-4668-BE54-9A1E7A4F7556}") = "Spenses.Api", "src\Services\Api\Spenses.Api.csproj", "{5A5B6EE8-6F4B-46E3-91A8-F1AF2E84D603}"
EndProject
Project("{FAE04EC0-301F-11D3-BF4B-00C04F79EFBC}") = "Spenses.Domain", "src\Domain\Spenses.Domain.csproj", "{00EB99A7-E1EE-4B8D-ABF0-DA77E6D645DD}"
EndProject
Project("{FAE04EC0-301F-11D3-BF4B-00C04F79EFBC}") = "Spenses.Application", "src\Application\Spenses.Application.csproj", "{F6A46660-FB32-4843-A290-175538BA199C}"
EndProject
Project("{FAE04EC0-301F-11D3-BF4B-00C04F79EFBC}") = "Spenses.Common", "src\Common\Spenses.Common.csproj", "{093EC795-EE8B-4BD1-8C0D-83BADB64D6AB}"
EndProject
Project("{FAE04EC0-301F-11D3-BF4B-00C04F79EFBC}") = "Spenses.Web", "src\Services\Web\Spenses.Web.csproj", "{96D0D92B-B77E-4C6E-9A77-FE3493171697}"
EndProject
Global
	GlobalSection(SolutionConfigurationPlatforms) = preSolution
		Debug|Any CPU = Debug|Any CPU
		Debug|x64 = Debug|x64
		Debug|x86 = Debug|x86
		Release|Any CPU = Release|Any CPU
		Release|x64 = Release|x64
		Release|x86 = Release|x86
	EndGlobalSection
	GlobalSection(ProjectConfigurationPlatforms) = postSolution
		{B78B1E11-6E01-45EF-B0DA-02CDD796EB63}.Debug|Any CPU.ActiveCfg = Debug|Any CPU
		{B78B1E11-6E01-45EF-B0DA-02CDD796EB63}.Debug|Any CPU.Build.0 = Debug|Any CPU
		{B78B1E11-6E01-45EF-B0DA-02CDD796EB63}.Debug|x64.ActiveCfg = Debug|Any CPU
		{B78B1E11-6E01-45EF-B0DA-02CDD796EB63}.Debug|x64.Build.0 = Debug|Any CPU
		{B78B1E11-6E01-45EF-B0DA-02CDD796EB63}.Debug|x86.ActiveCfg = Debug|Any CPU
		{B78B1E11-6E01-45EF-B0DA-02CDD796EB63}.Debug|x86.Build.0 = Debug|Any CPU
		{B78B1E11-6E01-45EF-B0DA-02CDD796EB63}.Release|Any CPU.ActiveCfg = Release|Any CPU
		{B78B1E11-6E01-45EF-B0DA-02CDD796EB63}.Release|Any CPU.Build.0 = Release|Any CPU
		{B78B1E11-6E01-45EF-B0DA-02CDD796EB63}.Release|x64.ActiveCfg = Release|Any CPU
		{B78B1E11-6E01-45EF-B0DA-02CDD796EB63}.Release|x64.Build.0 = Release|Any CPU
		{B78B1E11-6E01-45EF-B0DA-02CDD796EB63}.Release|x86.ActiveCfg = Release|Any CPU
		{B78B1E11-6E01-45EF-B0DA-02CDD796EB63}.Release|x86.Build.0 = Release|Any CPU
		{5A5B6EE8-6F4B-46E3-91A8-F1AF2E84D603}.Debug|Any CPU.ActiveCfg = Debug|Any CPU
		{5A5B6EE8-6F4B-46E3-91A8-F1AF2E84D603}.Debug|Any CPU.Build.0 = Debug|Any CPU
		{5A5B6EE8-6F4B-46E3-91A8-F1AF2E84D603}.Debug|x64.ActiveCfg = Debug|Any CPU
		{5A5B6EE8-6F4B-46E3-91A8-F1AF2E84D603}.Debug|x64.Build.0 = Debug|Any CPU
		{5A5B6EE8-6F4B-46E3-91A8-F1AF2E84D603}.Debug|x86.ActiveCfg = Debug|Any CPU
		{5A5B6EE8-6F4B-46E3-91A8-F1AF2E84D603}.Debug|x86.Build.0 = Debug|Any CPU
		{5A5B6EE8-6F4B-46E3-91A8-F1AF2E84D603}.Release|Any CPU.ActiveCfg = Release|Any CPU
		{5A5B6EE8-6F4B-46E3-91A8-F1AF2E84D603}.Release|Any CPU.Build.0 = Release|Any CPU
		{5A5B6EE8-6F4B-46E3-91A8-F1AF2E84D603}.Release|x64.ActiveCfg = Release|Any CPU
		{5A5B6EE8-6F4B-46E3-91A8-F1AF2E84D603}.Release|x64.Build.0 = Release|Any CPU
		{5A5B6EE8-6F4B-46E3-91A8-F1AF2E84D603}.Release|x86.ActiveCfg = Release|Any CPU
		{5A5B6EE8-6F4B-46E3-91A8-F1AF2E84D603}.Release|x86.Build.0 = Release|Any CPU
		{00EB99A7-E1EE-4B8D-ABF0-DA77E6D645DD}.Debug|Any CPU.ActiveCfg = Debug|Any CPU
		{00EB99A7-E1EE-4B8D-ABF0-DA77E6D645DD}.Debug|Any CPU.Build.0 = Debug|Any CPU
		{00EB99A7-E1EE-4B8D-ABF0-DA77E6D645DD}.Debug|x64.ActiveCfg = Debug|Any CPU
		{00EB99A7-E1EE-4B8D-ABF0-DA77E6D645DD}.Debug|x64.Build.0 = Debug|Any CPU
		{00EB99A7-E1EE-4B8D-ABF0-DA77E6D645DD}.Debug|x86.ActiveCfg = Debug|Any CPU
		{00EB99A7-E1EE-4B8D-ABF0-DA77E6D645DD}.Debug|x86.Build.0 = Debug|Any CPU
		{00EB99A7-E1EE-4B8D-ABF0-DA77E6D645DD}.Release|Any CPU.ActiveCfg = Release|Any CPU
		{00EB99A7-E1EE-4B8D-ABF0-DA77E6D645DD}.Release|Any CPU.Build.0 = Release|Any CPU
		{00EB99A7-E1EE-4B8D-ABF0-DA77E6D645DD}.Release|x64.ActiveCfg = Release|Any CPU
		{00EB99A7-E1EE-4B8D-ABF0-DA77E6D645DD}.Release|x64.Build.0 = Release|Any CPU
		{00EB99A7-E1EE-4B8D-ABF0-DA77E6D645DD}.Release|x86.ActiveCfg = Release|Any CPU
		{00EB99A7-E1EE-4B8D-ABF0-DA77E6D645DD}.Release|x86.Build.0 = Release|Any CPU
		{F6A46660-FB32-4843-A290-175538BA199C}.Debug|Any CPU.ActiveCfg = Debug|Any CPU
		{F6A46660-FB32-4843-A290-175538BA199C}.Debug|Any CPU.Build.0 = Debug|Any CPU
		{F6A46660-FB32-4843-A290-175538BA199C}.Debug|x64.ActiveCfg = Debug|Any CPU
		{F6A46660-FB32-4843-A290-175538BA199C}.Debug|x64.Build.0 = Debug|Any CPU
		{F6A46660-FB32-4843-A290-175538BA199C}.Debug|x86.ActiveCfg = Debug|Any CPU
		{F6A46660-FB32-4843-A290-175538BA199C}.Debug|x86.Build.0 = Debug|Any CPU
		{F6A46660-FB32-4843-A290-175538BA199C}.Release|Any CPU.ActiveCfg = Release|Any CPU
		{F6A46660-FB32-4843-A290-175538BA199C}.Release|Any CPU.Build.0 = Release|Any CPU
		{F6A46660-FB32-4843-A290-175538BA199C}.Release|x64.ActiveCfg = Release|Any CPU
		{F6A46660-FB32-4843-A290-175538BA199C}.Release|x64.Build.0 = Release|Any CPU
		{F6A46660-FB32-4843-A290-175538BA199C}.Release|x86.ActiveCfg = Release|Any CPU
		{F6A46660-FB32-4843-A290-175538BA199C}.Release|x86.Build.0 = Release|Any CPU
		{093EC795-EE8B-4BD1-8C0D-83BADB64D6AB}.Debug|Any CPU.ActiveCfg = Debug|Any CPU
		{093EC795-EE8B-4BD1-8C0D-83BADB64D6AB}.Debug|Any CPU.Build.0 = Debug|Any CPU
		{093EC795-EE8B-4BD1-8C0D-83BADB64D6AB}.Debug|x64.ActiveCfg = Debug|Any CPU
		{093EC795-EE8B-4BD1-8C0D-83BADB64D6AB}.Debug|x64.Build.0 = Debug|Any CPU
		{093EC795-EE8B-4BD1-8C0D-83BADB64D6AB}.Debug|x86.ActiveCfg = Debug|Any CPU
		{093EC795-EE8B-4BD1-8C0D-83BADB64D6AB}.Debug|x86.Build.0 = Debug|Any CPU
		{093EC795-EE8B-4BD1-8C0D-83BADB64D6AB}.Release|Any CPU.ActiveCfg = Release|Any CPU
		{093EC795-EE8B-4BD1-8C0D-83BADB64D6AB}.Release|Any CPU.Build.0 = Release|Any CPU
		{093EC795-EE8B-4BD1-8C0D-83BADB64D6AB}.Release|x64.ActiveCfg = Release|Any CPU
		{093EC795-EE8B-4BD1-8C0D-83BADB64D6AB}.Release|x64.Build.0 = Release|Any CPU
		{093EC795-EE8B-4BD1-8C0D-83BADB64D6AB}.Release|x86.ActiveCfg = Release|Any CPU
		{093EC795-EE8B-4BD1-8C0D-83BADB64D6AB}.Release|x86.Build.0 = Release|Any CPU
		{96D0D92B-B77E-4C6E-9A77-FE3493171697}.Debug|Any CPU.ActiveCfg = Debug|Any CPU
		{96D0D92B-B77E-4C6E-9A77-FE3493171697}.Debug|Any CPU.Build.0 = Debug|Any CPU
		{96D0D92B-B77E-4C6E-9A77-FE3493171697}.Debug|x64.ActiveCfg = Debug|Any CPU
		{96D0D92B-B77E-4C6E-9A77-FE3493171697}.Debug|x64.Build.0 = Debug|Any CPU
		{96D0D92B-B77E-4C6E-9A77-FE3493171697}.Debug|x86.ActiveCfg = Debug|Any CPU
		{96D0D92B-B77E-4C6E-9A77-FE3493171697}.Debug|x86.Build.0 = Debug|Any CPU
		{96D0D92B-B77E-4C6E-9A77-FE3493171697}.Release|Any CPU.ActiveCfg = Release|Any CPU
		{96D0D92B-B77E-4C6E-9A77-FE3493171697}.Release|Any CPU.Build.0 = Release|Any CPU
		{96D0D92B-B77E-4C6E-9A77-FE3493171697}.Release|x64.ActiveCfg = Release|Any CPU
		{96D0D92B-B77E-4C6E-9A77-FE3493171697}.Release|x64.Build.0 = Release|Any CPU
		{96D0D92B-B77E-4C6E-9A77-FE3493171697}.Release|x86.ActiveCfg = Release|Any CPU
		{96D0D92B-B77E-4C6E-9A77-FE3493171697}.Release|x86.Build.0 = Release|Any CPU
	EndGlobalSection
	GlobalSection(SolutionProperties) = preSolution
		HideSolutionNode = FALSE
	EndGlobalSection
	GlobalSection(NestedProjects) = preSolution
		{A9D53C65-084E-4222-8CCC-8A3B705FD7D2} = {6D7DCBFB-77DF-4DB1-8141-221298209C70}
		{B78B1E11-6E01-45EF-B0DA-02CDD796EB63} = {A9D53C65-084E-4222-8CCC-8A3B705FD7D2}
		{E6588BE7-668B-4F44-A826-C97C20C608FA} = {6D7DCBFB-77DF-4DB1-8141-221298209C70}
		{5A5B6EE8-6F4B-46E3-91A8-F1AF2E84D603} = {E6588BE7-668B-4F44-A826-C97C20C608FA}
		{00EB99A7-E1EE-4B8D-ABF0-DA77E6D645DD} = {6D7DCBFB-77DF-4DB1-8141-221298209C70}
		{F6A46660-FB32-4843-A290-175538BA199C} = {6D7DCBFB-77DF-4DB1-8141-221298209C70}
		{093EC795-EE8B-4BD1-8C0D-83BADB64D6AB} = {6D7DCBFB-77DF-4DB1-8141-221298209C70}
		{96D0D92B-B77E-4C6E-9A77-FE3493171697} = {E6588BE7-668B-4F44-A826-C97C20C608FA}
	EndGlobalSection
	GlobalSection(ExtensibilityGlobals) = postSolution
		SolutionGuid = {3093169A-829D-47C0-BFDB-23CCA3DDB122}
	EndGlobalSection
EndGlobal
