
Microsoft Visual Studio Solution File, Format Version 12.00
# Visual Studio Version 17
VisualStudioVersion = 17.0.31903.59
MinimumVisualStudioVersion = 10.0.40219.1
Project("{2150E333-8FDC-42A3-9474-1A3956D46DE8}") = "src", "src", "{6D7DCBFB-77DF-4DB1-8141-221298209C70}"
EndProject
Project("{2150E333-8FDC-42A3-9474-1A3956D46DE8}") = "Resources", "Resources", "{A9D53C65-084E-4222-8CCC-8A3B705FD7D2}"
EndProject
Project("{9A19103F-16F7-4668-BE54-9A1E7A4F7556}") = "Spenses.Resources.Relational", "src\Resources\Relational\Spenses.Resources.Relational.csproj", "{B78B1E11-6E01-45EF-B0DA-02CDD796EB63}"
EndProject
Project("{2150E333-8FDC-42A3-9474-1A3956D46DE8}") = "Services", "Services", "{E6588BE7-668B-4F44-A826-C97C20C608FA}"
EndProject
Project("{9A19103F-16F7-4668-BE54-9A1E7A4F7556}") = "Spenses.Api", "src\Services\Api\Spenses.Api.csproj", "{5A5B6EE8-6F4B-46E3-91A8-F1AF2E84D603}"
EndProject
Project("{9A19103F-16F7-4668-BE54-9A1E7A4F7556}") = "Spenses.Application", "src\Application\Spenses.Application.csproj", "{F6A46660-FB32-4843-A290-175538BA199C}"
EndProject
Project("{2150E333-8FDC-42A3-9474-1A3956D46DE8}") = "tests", "tests", "{2DAB8F68-8050-4539-ADA0-A0EA4AA69FE7}"
EndProject
Project("{2150E333-8FDC-42A3-9474-1A3956D46DE8}") = "Services", "Services", "{4A6F247F-0718-4F35-AE00-84EF781B201F}"
EndProject
Project("{9A19103F-16F7-4668-BE54-9A1E7A4F7556}") = "Spenses.Application.Tests", "tests\Application\Spenses.Application.Tests.csproj", "{3E84D4F3-E833-4E12-BCFF-DBB4085CEDCA}"
EndProject
Project("{9A19103F-16F7-4668-BE54-9A1E7A4F7556}") = "Spenses.Api.IntegrationTests", "tests\Services\Api\IntegrationTests\Spenses.Api.IntegrationTests.csproj", "{3EEACE69-58F5-41B0-8122-4DE13CEDC4BF}"
EndProject
Project("{2150E333-8FDC-42A3-9474-1A3956D46DE8}") = "tools", "tools", "{2CC847A1-00C7-4125-847E-C3F331E19CF6}"
EndProject
Project("{9A19103F-16F7-4668-BE54-9A1E7A4F7556}") = "Spenses.Tools.Setup", "tools\Setup\Spenses.Tools.Setup.csproj", "{EF370862-A709-457C-993B-A2610A68774E}"
EndProject
Project("{9A19103F-16F7-4668-BE54-9A1E7A4F7556}") = "_build", "build\_build.csproj", "{9E5379F8-9641-4903-BDD5-E9B6FAB07E7D}"
EndProject
Project("{2150E333-8FDC-42A3-9474-1A3956D46DE8}") = "Clients", "Clients", "{A06738BE-E6E4-4C55-B36F-5D5A17EBAC85}"
EndProject
Project("{9A19103F-16F7-4668-BE54-9A1E7A4F7556}") = "Spenses.Client.Http", "src\Clients\Http\Spenses.Client.Http.csproj", "{5354A2BC-DD5D-4EB0-A6E4-19DBD616D3BF}"
EndProject
Project("{9A19103F-16F7-4668-BE54-9A1E7A4F7556}") = "Spenses.Client.Web", "src\Clients\Web\Spenses.Client.Web.csproj", "{A595C732-557A-4C36-8294-F3EB85D03A55}"
EndProject
Project("{2150E333-8FDC-42A3-9474-1A3956D46DE8}") = "Utilities", "Utilities", "{15A0C0E8-62F2-4234-915D-942C4F5BB9B9}"
EndProject
Project("{9A19103F-16F7-4668-BE54-9A1E7A4F7556}") = "Spenses.Utilities.Security", "src\Utilities\Security\Spenses.Utilities.Security.csproj", "{9B132DC2-65E1-4000-8841-682BAEB9B17C}"
EndProject
Global
	GlobalSection(SolutionConfigurationPlatforms) = preSolution
		Debug|Any CPU = Debug|Any CPU
		Debug|x64 = Debug|x64
		Debug|x86 = Debug|x86
		Release|Any CPU = Release|Any CPU
		Release|x64 = Release|x64
		Release|x86 = Release|x86
	EndGlobalSection
	GlobalSection(ProjectConfigurationPlatforms) = postSolution
		{B78B1E11-6E01-45EF-B0DA-02CDD796EB63}.Debug|Any CPU.ActiveCfg = Debug|Any CPU
		{B78B1E11-6E01-45EF-B0DA-02CDD796EB63}.Debug|Any CPU.Build.0 = Debug|Any CPU
		{B78B1E11-6E01-45EF-B0DA-02CDD796EB63}.Debug|x64.ActiveCfg = Debug|Any CPU
		{B78B1E11-6E01-45EF-B0DA-02CDD796EB63}.Debug|x64.Build.0 = Debug|Any CPU
		{B78B1E11-6E01-45EF-B0DA-02CDD796EB63}.Debug|x86.ActiveCfg = Debug|Any CPU
		{B78B1E11-6E01-45EF-B0DA-02CDD796EB63}.Debug|x86.Build.0 = Debug|Any CPU
		{B78B1E11-6E01-45EF-B0DA-02CDD796EB63}.Release|Any CPU.ActiveCfg = Release|Any CPU
		{B78B1E11-6E01-45EF-B0DA-02CDD796EB63}.Release|Any CPU.Build.0 = Release|Any CPU
		{B78B1E11-6E01-45EF-B0DA-02CDD796EB63}.Release|x64.ActiveCfg = Release|Any CPU
		{B78B1E11-6E01-45EF-B0DA-02CDD796EB63}.Release|x64.Build.0 = Release|Any CPU
		{B78B1E11-6E01-45EF-B0DA-02CDD796EB63}.Release|x86.ActiveCfg = Release|Any CPU
		{B78B1E11-6E01-45EF-B0DA-02CDD796EB63}.Release|x86.Build.0 = Release|Any CPU
		{5A5B6EE8-6F4B-46E3-91A8-F1AF2E84D603}.Debug|Any CPU.ActiveCfg = Debug|Any CPU
		{5A5B6EE8-6F4B-46E3-91A8-F1AF2E84D603}.Debug|Any CPU.Build.0 = Debug|Any CPU
		{5A5B6EE8-6F4B-46E3-91A8-F1AF2E84D603}.Debug|x64.ActiveCfg = Debug|Any CPU
		{5A5B6EE8-6F4B-46E3-91A8-F1AF2E84D603}.Debug|x64.Build.0 = Debug|Any CPU
		{5A5B6EE8-6F4B-46E3-91A8-F1AF2E84D603}.Debug|x86.ActiveCfg = Debug|Any CPU
		{5A5B6EE8-6F4B-46E3-91A8-F1AF2E84D603}.Debug|x86.Build.0 = Debug|Any CPU
		{5A5B6EE8-6F4B-46E3-91A8-F1AF2E84D603}.Release|Any CPU.ActiveCfg = Release|Any CPU
		{5A5B6EE8-6F4B-46E3-91A8-F1AF2E84D603}.Release|Any CPU.Build.0 = Release|Any CPU
		{5A5B6EE8-6F4B-46E3-91A8-F1AF2E84D603}.Release|x64.ActiveCfg = Release|Any CPU
		{5A5B6EE8-6F4B-46E3-91A8-F1AF2E84D603}.Release|x64.Build.0 = Release|Any CPU
		{5A5B6EE8-6F4B-46E3-91A8-F1AF2E84D603}.Release|x86.ActiveCfg = Release|Any CPU
		{5A5B6EE8-6F4B-46E3-91A8-F1AF2E84D603}.Release|x86.Build.0 = Release|Any CPU
		{F6A46660-FB32-4843-A290-175538BA199C}.Debug|Any CPU.ActiveCfg = Debug|Any CPU
		{F6A46660-FB32-4843-A290-175538BA199C}.Debug|Any CPU.Build.0 = Debug|Any CPU
		{F6A46660-FB32-4843-A290-175538BA199C}.Debug|x64.ActiveCfg = Debug|Any CPU
		{F6A46660-FB32-4843-A290-175538BA199C}.Debug|x64.Build.0 = Debug|Any CPU
		{F6A46660-FB32-4843-A290-175538BA199C}.Debug|x86.ActiveCfg = Debug|Any CPU
		{F6A46660-FB32-4843-A290-175538BA199C}.Debug|x86.Build.0 = Debug|Any CPU
		{F6A46660-FB32-4843-A290-175538BA199C}.Release|Any CPU.ActiveCfg = Release|Any CPU
		{F6A46660-FB32-4843-A290-175538BA199C}.Release|Any CPU.Build.0 = Release|Any CPU
		{F6A46660-FB32-4843-A290-175538BA199C}.Release|x64.ActiveCfg = Release|Any CPU
		{F6A46660-FB32-4843-A290-175538BA199C}.Release|x64.Build.0 = Release|Any CPU
		{F6A46660-FB32-4843-A290-175538BA199C}.Release|x86.ActiveCfg = Release|Any CPU
		{F6A46660-FB32-4843-A290-175538BA199C}.Release|x86.Build.0 = Release|Any CPU
		{3E84D4F3-E833-4E12-BCFF-DBB4085CEDCA}.Debug|Any CPU.ActiveCfg = Debug|Any CPU
		{3E84D4F3-E833-4E12-BCFF-DBB4085CEDCA}.Debug|Any CPU.Build.0 = Debug|Any CPU
		{3E84D4F3-E833-4E12-BCFF-DBB4085CEDCA}.Debug|x64.ActiveCfg = Debug|Any CPU
		{3E84D4F3-E833-4E12-BCFF-DBB4085CEDCA}.Debug|x64.Build.0 = Debug|Any CPU
		{3E84D4F3-E833-4E12-BCFF-DBB4085CEDCA}.Debug|x86.ActiveCfg = Debug|Any CPU
		{3E84D4F3-E833-4E12-BCFF-DBB4085CEDCA}.Debug|x86.Build.0 = Debug|Any CPU
		{3E84D4F3-E833-4E12-BCFF-DBB4085CEDCA}.Release|Any CPU.ActiveCfg = Release|Any CPU
		{3E84D4F3-E833-4E12-BCFF-DBB4085CEDCA}.Release|Any CPU.Build.0 = Release|Any CPU
		{3E84D4F3-E833-4E12-BCFF-DBB4085CEDCA}.Release|x64.ActiveCfg = Release|Any CPU
		{3E84D4F3-E833-4E12-BCFF-DBB4085CEDCA}.Release|x64.Build.0 = Release|Any CPU
		{3E84D4F3-E833-4E12-BCFF-DBB4085CEDCA}.Release|x86.ActiveCfg = Release|Any CPU
		{3E84D4F3-E833-4E12-BCFF-DBB4085CEDCA}.Release|x86.Build.0 = Release|Any CPU
		{3EEACE69-58F5-41B0-8122-4DE13CEDC4BF}.Debug|Any CPU.ActiveCfg = Debug|Any CPU
		{3EEACE69-58F5-41B0-8122-4DE13CEDC4BF}.Debug|Any CPU.Build.0 = Debug|Any CPU
		{3EEACE69-58F5-41B0-8122-4DE13CEDC4BF}.Debug|x64.ActiveCfg = Debug|Any CPU
		{3EEACE69-58F5-41B0-8122-4DE13CEDC4BF}.Debug|x64.Build.0 = Debug|Any CPU
		{3EEACE69-58F5-41B0-8122-4DE13CEDC4BF}.Debug|x86.ActiveCfg = Debug|Any CPU
		{3EEACE69-58F5-41B0-8122-4DE13CEDC4BF}.Debug|x86.Build.0 = Debug|Any CPU
		{3EEACE69-58F5-41B0-8122-4DE13CEDC4BF}.Release|Any CPU.ActiveCfg = Release|Any CPU
		{3EEACE69-58F5-41B0-8122-4DE13CEDC4BF}.Release|Any CPU.Build.0 = Release|Any CPU
		{3EEACE69-58F5-41B0-8122-4DE13CEDC4BF}.Release|x64.ActiveCfg = Release|Any CPU
		{3EEACE69-58F5-41B0-8122-4DE13CEDC4BF}.Release|x64.Build.0 = Release|Any CPU
		{3EEACE69-58F5-41B0-8122-4DE13CEDC4BF}.Release|x86.ActiveCfg = Release|Any CPU
		{3EEACE69-58F5-41B0-8122-4DE13CEDC4BF}.Release|x86.Build.0 = Release|Any CPU
		{EF370862-A709-457C-993B-A2610A68774E}.Debug|Any CPU.ActiveCfg = Debug|Any CPU
		{EF370862-A709-457C-993B-A2610A68774E}.Debug|Any CPU.Build.0 = Debug|Any CPU
		{EF370862-A709-457C-993B-A2610A68774E}.Debug|x64.ActiveCfg = Debug|Any CPU
		{EF370862-A709-457C-993B-A2610A68774E}.Debug|x64.Build.0 = Debug|Any CPU
		{EF370862-A709-457C-993B-A2610A68774E}.Debug|x86.ActiveCfg = Debug|Any CPU
		{EF370862-A709-457C-993B-A2610A68774E}.Debug|x86.Build.0 = Debug|Any CPU
		{EF370862-A709-457C-993B-A2610A68774E}.Release|Any CPU.ActiveCfg = Release|Any CPU
		{EF370862-A709-457C-993B-A2610A68774E}.Release|Any CPU.Build.0 = Release|Any CPU
		{EF370862-A709-457C-993B-A2610A68774E}.Release|x64.ActiveCfg = Release|Any CPU
		{EF370862-A709-457C-993B-A2610A68774E}.Release|x64.Build.0 = Release|Any CPU
		{EF370862-A709-457C-993B-A2610A68774E}.Release|x86.ActiveCfg = Release|Any CPU
		{EF370862-A709-457C-993B-A2610A68774E}.Release|x86.Build.0 = Release|Any CPU
		{9E5379F8-9641-4903-BDD5-E9B6FAB07E7D}.Debug|Any CPU.ActiveCfg = Debug|Any CPU
		{9E5379F8-9641-4903-BDD5-E9B6FAB07E7D}.Debug|x64.ActiveCfg = Debug|Any CPU
		{9E5379F8-9641-4903-BDD5-E9B6FAB07E7D}.Debug|x86.ActiveCfg = Debug|Any CPU
		{9E5379F8-9641-4903-BDD5-E9B6FAB07E7D}.Release|Any CPU.ActiveCfg = Release|Any CPU
		{9E5379F8-9641-4903-BDD5-E9B6FAB07E7D}.Release|x64.ActiveCfg = Release|Any CPU
		{9E5379F8-9641-4903-BDD5-E9B6FAB07E7D}.Release|x86.ActiveCfg = Release|Any CPU
		{5354A2BC-DD5D-4EB0-A6E4-19DBD616D3BF}.Debug|Any CPU.ActiveCfg = Debug|Any CPU
		{5354A2BC-DD5D-4EB0-A6E4-19DBD616D3BF}.Debug|Any CPU.Build.0 = Debug|Any CPU
		{5354A2BC-DD5D-4EB0-A6E4-19DBD616D3BF}.Debug|x64.ActiveCfg = Debug|Any CPU
		{5354A2BC-DD5D-4EB0-A6E4-19DBD616D3BF}.Debug|x64.Build.0 = Debug|Any CPU
		{5354A2BC-DD5D-4EB0-A6E4-19DBD616D3BF}.Debug|x86.ActiveCfg = Debug|Any CPU
		{5354A2BC-DD5D-4EB0-A6E4-19DBD616D3BF}.Debug|x86.Build.0 = Debug|Any CPU
		{5354A2BC-DD5D-4EB0-A6E4-19DBD616D3BF}.Release|Any CPU.ActiveCfg = Release|Any CPU
		{5354A2BC-DD5D-4EB0-A6E4-19DBD616D3BF}.Release|Any CPU.Build.0 = Release|Any CPU
		{5354A2BC-DD5D-4EB0-A6E4-19DBD616D3BF}.Release|x64.ActiveCfg = Release|Any CPU
		{5354A2BC-DD5D-4EB0-A6E4-19DBD616D3BF}.Release|x64.Build.0 = Release|Any CPU
		{5354A2BC-DD5D-4EB0-A6E4-19DBD616D3BF}.Release|x86.ActiveCfg = Release|Any CPU
		{5354A2BC-DD5D-4EB0-A6E4-19DBD616D3BF}.Release|x86.Build.0 = Release|Any CPU
		{A595C732-557A-4C36-8294-F3EB85D03A55}.Debug|Any CPU.ActiveCfg = Debug|Any CPU
		{A595C732-557A-4C36-8294-F3EB85D03A55}.Debug|Any CPU.Build.0 = Debug|Any CPU
		{A595C732-557A-4C36-8294-F3EB85D03A55}.Debug|x64.ActiveCfg = Debug|Any CPU
		{A595C732-557A-4C36-8294-F3EB85D03A55}.Debug|x64.Build.0 = Debug|Any CPU
		{A595C732-557A-4C36-8294-F3EB85D03A55}.Debug|x86.ActiveCfg = Debug|Any CPU
		{A595C732-557A-4C36-8294-F3EB85D03A55}.Debug|x86.Build.0 = Debug|Any CPU
		{A595C732-557A-4C36-8294-F3EB85D03A55}.Release|Any CPU.ActiveCfg = Release|Any CPU
		{A595C732-557A-4C36-8294-F3EB85D03A55}.Release|Any CPU.Build.0 = Release|Any CPU
		{A595C732-557A-4C36-8294-F3EB85D03A55}.Release|x64.ActiveCfg = Release|Any CPU
		{A595C732-557A-4C36-8294-F3EB85D03A55}.Release|x64.Build.0 = Release|Any CPU
		{A595C732-557A-4C36-8294-F3EB85D03A55}.Release|x86.ActiveCfg = Release|Any CPU
		{A595C732-557A-4C36-8294-F3EB85D03A55}.Release|x86.Build.0 = Release|Any CPU
		{9B132DC2-65E1-4000-8841-682BAEB9B17C}.Debug|Any CPU.ActiveCfg = Debug|Any CPU
		{9B132DC2-65E1-4000-8841-682BAEB9B17C}.Debug|Any CPU.Build.0 = Debug|Any CPU
		{9B132DC2-65E1-4000-8841-682BAEB9B17C}.Debug|x64.ActiveCfg = Debug|Any CPU
		{9B132DC2-65E1-4000-8841-682BAEB9B17C}.Debug|x64.Build.0 = Debug|Any CPU
		{9B132DC2-65E1-4000-8841-682BAEB9B17C}.Debug|x86.ActiveCfg = Debug|Any CPU
		{9B132DC2-65E1-4000-8841-682BAEB9B17C}.Debug|x86.Build.0 = Debug|Any CPU
		{9B132DC2-65E1-4000-8841-682BAEB9B17C}.Release|Any CPU.ActiveCfg = Release|Any CPU
		{9B132DC2-65E1-4000-8841-682BAEB9B17C}.Release|Any CPU.Build.0 = Release|Any CPU
		{9B132DC2-65E1-4000-8841-682BAEB9B17C}.Release|x64.ActiveCfg = Release|Any CPU
		{9B132DC2-65E1-4000-8841-682BAEB9B17C}.Release|x64.Build.0 = Release|Any CPU
		{9B132DC2-65E1-4000-8841-682BAEB9B17C}.Release|x86.ActiveCfg = Release|Any CPU
		{9B132DC2-65E1-4000-8841-682BAEB9B17C}.Release|x86.Build.0 = Release|Any CPU
	EndGlobalSection
	GlobalSection(SolutionProperties) = preSolution
		HideSolutionNode = FALSE
	EndGlobalSection
	GlobalSection(NestedProjects) = preSolution
		{A9D53C65-084E-4222-8CCC-8A3B705FD7D2} = {6D7DCBFB-77DF-4DB1-8141-221298209C70}
		{B78B1E11-6E01-45EF-B0DA-02CDD796EB63} = {A9D53C65-084E-4222-8CCC-8A3B705FD7D2}
		{E6588BE7-668B-4F44-A826-C97C20C608FA} = {6D7DCBFB-77DF-4DB1-8141-221298209C70}
		{5A5B6EE8-6F4B-46E3-91A8-F1AF2E84D603} = {E6588BE7-668B-4F44-A826-C97C20C608FA}
		{F6A46660-FB32-4843-A290-175538BA199C} = {6D7DCBFB-77DF-4DB1-8141-221298209C70}
		{4A6F247F-0718-4F35-AE00-84EF781B201F} = {2DAB8F68-8050-4539-ADA0-A0EA4AA69FE7}
		{3E84D4F3-E833-4E12-BCFF-DBB4085CEDCA} = {2DAB8F68-8050-4539-ADA0-A0EA4AA69FE7}
		{3EEACE69-58F5-41B0-8122-4DE13CEDC4BF} = {4A6F247F-0718-4F35-AE00-84EF781B201F}
		{EF370862-A709-457C-993B-A2610A68774E} = {2CC847A1-00C7-4125-847E-C3F331E19CF6}
		{A06738BE-E6E4-4C55-B36F-5D5A17EBAC85} = {6D7DCBFB-77DF-4DB1-8141-221298209C70}
		{5354A2BC-DD5D-4EB0-A6E4-19DBD616D3BF} = {A06738BE-E6E4-4C55-B36F-5D5A17EBAC85}
		{A595C732-557A-4C36-8294-F3EB85D03A55} = {A06738BE-E6E4-4C55-B36F-5D5A17EBAC85}
		{15A0C0E8-62F2-4234-915D-942C4F5BB9B9} = {6D7DCBFB-77DF-4DB1-8141-221298209C70}
		{9B132DC2-65E1-4000-8841-682BAEB9B17C} = {15A0C0E8-62F2-4234-915D-942C4F5BB9B9}
	EndGlobalSection
	GlobalSection(ExtensibilityGlobals) = postSolution
		SolutionGuid = {3093169A-829D-47C0-BFDB-23CCA3DDB122}
	EndGlobalSection
EndGlobal
